
Microsoft Visual Studio Solution File, Format Version 12.00
# Visual Studio Version 16
VisualStudioVersion = 16.0.31025.194
MinimumVisualStudioVersion = 10.0.40219.1
Project("{FAE04EC0-301F-11D3-BF4B-00C04F79EFBC}") = "PruebaLibreria", "PruebaLibreria\PruebaLibreria.csproj", "{8A0EE212-F28F-445A-B330-55E3026A3D33}"
EndProject
Project("{FAE04EC0-301F-11D3-BF4B-00C04F79EFBC}") = "LibreriaJaita", "LibreriaJaita\LibreriaJaita.csproj", "{A1BFA51B-D319-4257-A58D-9B5514421316}"
EndProject
Global
	GlobalSection(SolutionConfigurationPlatforms) = preSolution
		Debug|Any CPU = Debug|Any CPU
		Release|Any CPU = Release|Any CPU
	EndGlobalSection
	GlobalSection(ProjectConfigurationPlatforms) = postSolution
		{8A0EE212-F28F-445A-B330-55E3026A3D33}.Debug|Any CPU.ActiveCfg = Debug|Any CPU
		{8A0EE212-F28F-445A-B330-55E3026A3D33}.Debug|Any CPU.Build.0 = Debug|Any CPU
		{8A0EE212-F28F-445A-B330-55E3026A3D33}.Release|Any CPU.ActiveCfg = Release|Any CPU
		{8A0EE212-F28F-445A-B330-55E3026A3D33}.Release|Any CPU.Build.0 = Release|Any CPU
		{A1BFA51B-D319-4257-A58D-9B5514421316}.Debug|Any CPU.ActiveCfg = Debug|Any CPU
		{A1BFA51B-D319-4257-A58D-9B5514421316}.Debug|Any CPU.Build.0 = Debug|Any CPU
		{A1BFA51B-D319-4257-A58D-9B5514421316}.Release|Any CPU.ActiveCfg = Release|Any CPU
		{A1BFA51B-D319-4257-A58D-9B5514421316}.Release|Any CPU.Build.0 = Release|Any CPU
	EndGlobalSection
	GlobalSection(SolutionProperties) = preSolution
		HideSolutionNode = FALSE
	EndGlobalSection
	GlobalSection(ExtensibilityGlobals) = postSolution
		SolutionGuid = {2CFC3371-913B-459D-B6E3-1FF35530854D}
	EndGlobalSection
EndGlobal
